
Microsoft Visual Studio Solution File, Format Version 12.00
# Visual Studio Version 17
VisualStudioVersion = 17.13.35818.85 d17.13
MinimumVisualStudioVersion = 10.0.40219.1
Project("{FAE04EC0-301F-11D3-BF4B-00C04F79EFBC}") = "MTT.UI", "MTT.UI\MTT.UI.csproj", "{D6F95229-6BC9-4669-9AF6-0D491393237A}"
EndProject
Global
	GlobalSection(SolutionConfigurationPlatforms) = preSolution
		Debug|Any CPU = Debug|Any CPU
		Release|Any CPU = Release|Any CPU
	EndGlobalSection
	GlobalSection(ProjectConfigurationPlatforms) = postSolution
		{D6F95229-6BC9-4669-9AF6-0D491393237A}.Debug|Any CPU.ActiveCfg = Debug|Any CPU
		{D6F95229-6BC9-4669-9AF6-0D491393237A}.Debug|Any CPU.Build.0 = Debug|Any CPU
		{D6F95229-6BC9-4669-9AF6-0D491393237A}.Release|Any CPU.ActiveCfg = Release|Any CPU
		{D6F95229-6BC9-4669-9AF6-0D491393237A}.Release|Any CPU.Build.0 = Release|Any CPU
	EndGlobalSection
	GlobalSection(SolutionProperties) = preSolution
		HideSolutionNode = FALSE
	EndGlobalSection
	GlobalSection(ExtensibilityGlobals) = postSolution
		SolutionGuid = {2027C7FF-42DB-42C3-B81B-E0C0C7A58FE6}
	EndGlobalSection
EndGlobal
